
Microsoft Visual Studio Solution File, Format Version 12.00
# Visual Studio Version 17
VisualStudioVersion = 17.3.32901.215
MinimumVisualStudioVersion = 10.0.40219.1
Project("{FAE04EC0-301F-11D3-BF4B-00C04F79EFBC}") = "track bar örnek", "track bar örnek\track bar örnek.csproj", "{5F4D11BD-6A20-40EE-8E55-1DF7AAA66968}"
EndProject
Global
	GlobalSection(SolutionConfigurationPlatforms) = preSolution
		Debug|Any CPU = Debug|Any CPU
		Release|Any CPU = Release|Any CPU
	EndGlobalSection
	GlobalSection(ProjectConfigurationPlatforms) = postSolution
		{5F4D11BD-6A20-40EE-8E55-1DF7AAA66968}.Debug|Any CPU.ActiveCfg = Debug|Any CPU
		{5F4D11BD-6A20-40EE-8E55-1DF7AAA66968}.Debug|Any CPU.Build.0 = Debug|Any CPU
		{5F4D11BD-6A20-40EE-8E55-1DF7AAA66968}.Release|Any CPU.ActiveCfg = Release|Any CPU
		{5F4D11BD-6A20-40EE-8E55-1DF7AAA66968}.Release|Any CPU.Build.0 = Release|Any CPU
	EndGlobalSection
	GlobalSection(SolutionProperties) = preSolution
		HideSolutionNode = FALSE
	EndGlobalSection
	GlobalSection(ExtensibilityGlobals) = postSolution
		SolutionGuid = {52D78EA2-9BA3-491E-A6E5-FAEE774E1F1D}
	EndGlobalSection
EndGlobal
